<Solution>
  <Project Path="Assembly-CSharp.csproj" />
  <Project Path="TappyTale.PostNavCoverFSM.Runtime.csproj" />
  <Project Path="kierancoppins.post-navigation.csproj" />
  <Project Path="TappyTale.PostNavCoverFSM.Editor.csproj" />
  <Project Path="Assembly-CSharp-Editor.csproj" />
</Solution>
